
Microsoft Visual Studio Solution File, Format Version 12.00
# Visual Studio 2012
Project("{FAE04EC0-301F-11D3-BF4B-00C04F79EFBC}") = "OcdTur", "OcdTur\OcdTur.csproj", "{B68F9965-3A44-4A64-B0F1-8982C2C2D799}"
EndProject
Project("{FAE04EC0-301F-11D3-BF4B-00C04F79EFBC}") = "Dal", "Dal\Dal.csproj", "{62CFAC21-8020-415B-8FA8-858833FC82DB}"
EndProject
Project("{FAE04EC0-301F-11D3-BF4B-00C04F79EFBC}") = "Bll", "Bll\Bll.csproj", "{2E89AE09-7228-450E-B170-564D5210117F}"
EndProject
Project("{FAE04EC0-301F-11D3-BF4B-00C04F79EFBC}") = "Dto", "Dto\Dto.csproj", "{815E45E6-32D4-4894-99DA-4BD36ED74F41}"
EndProject
Project("{FAE04EC0-301F-11D3-BF4B-00C04F79EFBC}") = "Drv", "Drv\Drv.csproj", "{07195CF6-197A-497A-9E52-165FEF03F7AD}"
EndProject
Project("{2150E333-8FDC-42A3-9474-1A3956D46DE8}") = "Framework", "Framework", "{1D57BC76-8CC8-4C1D-8360-57415C1A941B}"
EndProject
Global
	GlobalSection(SolutionConfigurationPlatforms) = preSolution
		Debug|Any CPU = Debug|Any CPU
		Release|Any CPU = Release|Any CPU
	EndGlobalSection
	GlobalSection(ProjectConfigurationPlatforms) = postSolution
		{B68F9965-3A44-4A64-B0F1-8982C2C2D799}.Debug|Any CPU.ActiveCfg = Debug|Any CPU
		{B68F9965-3A44-4A64-B0F1-8982C2C2D799}.Debug|Any CPU.Build.0 = Debug|Any CPU
		{B68F9965-3A44-4A64-B0F1-8982C2C2D799}.Release|Any CPU.ActiveCfg = Release|Any CPU
		{B68F9965-3A44-4A64-B0F1-8982C2C2D799}.Release|Any CPU.Build.0 = Release|Any CPU
		{62CFAC21-8020-415B-8FA8-858833FC82DB}.Debug|Any CPU.ActiveCfg = Debug|Any CPU
		{62CFAC21-8020-415B-8FA8-858833FC82DB}.Debug|Any CPU.Build.0 = Debug|Any CPU
		{62CFAC21-8020-415B-8FA8-858833FC82DB}.Release|Any CPU.ActiveCfg = Release|Any CPU
		{62CFAC21-8020-415B-8FA8-858833FC82DB}.Release|Any CPU.Build.0 = Release|Any CPU
		{2E89AE09-7228-450E-B170-564D5210117F}.Debug|Any CPU.ActiveCfg = Debug|Any CPU
		{2E89AE09-7228-450E-B170-564D5210117F}.Debug|Any CPU.Build.0 = Debug|Any CPU
		{2E89AE09-7228-450E-B170-564D5210117F}.Release|Any CPU.ActiveCfg = Release|Any CPU
		{2E89AE09-7228-450E-B170-564D5210117F}.Release|Any CPU.Build.0 = Release|Any CPU
		{815E45E6-32D4-4894-99DA-4BD36ED74F41}.Debug|Any CPU.ActiveCfg = Debug|Any CPU
		{815E45E6-32D4-4894-99DA-4BD36ED74F41}.Debug|Any CPU.Build.0 = Debug|Any CPU
		{815E45E6-32D4-4894-99DA-4BD36ED74F41}.Release|Any CPU.ActiveCfg = Release|Any CPU
		{815E45E6-32D4-4894-99DA-4BD36ED74F41}.Release|Any CPU.Build.0 = Release|Any CPU
		{07195CF6-197A-497A-9E52-165FEF03F7AD}.Debug|Any CPU.ActiveCfg = Debug|Any CPU
		{07195CF6-197A-497A-9E52-165FEF03F7AD}.Debug|Any CPU.Build.0 = Debug|Any CPU
		{07195CF6-197A-497A-9E52-165FEF03F7AD}.Release|Any CPU.ActiveCfg = Release|Any CPU
		{07195CF6-197A-497A-9E52-165FEF03F7AD}.Release|Any CPU.Build.0 = Release|Any CPU
	EndGlobalSection
	GlobalSection(SolutionProperties) = preSolution
		HideSolutionNode = FALSE
	EndGlobalSection
	GlobalSection(ExtensibilityGlobals) = postSolution
		VisualSVNWorkingCopyRoot = .
	EndGlobalSection
EndGlobal
